
Microsoft Visual Studio Solution File, Format Version 12.00
# Visual Studio Version 17
VisualStudioVersion = 17.0.31903.59
MinimumVisualStudioVersion = 10.0.40219.1
Project("{FAE04EC0-301F-11D3-BF4B-00C04F79EFBC}") = "ExemploFundamentos", "ExemploFundamentos\ExemploFundamentos.csproj", "{086009A4-6DF4-4244-B046-6525113D3253}"
EndProject
Project("{FAE04EC0-301F-11D3-BF4B-00C04F79EFBC}") = "ExemploFundamentos.Common", "ExemploFundamentos.Common\ExemploFundamentos.Common.csproj", "{52209934-0826-48CA-B532-5649E639F05B}"
EndProject
Project("{FAE04EC0-301F-11D3-BF4B-00C04F79EFBC}") = "ExemploFundamentos.NET5", "ExemploFundamentos.NET5\ExemploFundamentos.NET5.csproj", "{C405F153-D2BA-4BB7-A95D-0A281C6B299C}"
EndProject
Project("{FAE04EC0-301F-11D3-BF4B-00C04F79EFBC}") = "ExemploFundamentos.NET6", "ExemploFundamentos.NET6\ExemploFundamentos.NET6.csproj", "{A6370935-36E9-4385-9BB1-201C820D8831}"
EndProject
Global
	GlobalSection(SolutionConfigurationPlatforms) = preSolution
		Debug|Any CPU = Debug|Any CPU
		Release|Any CPU = Release|Any CPU
	EndGlobalSection
	GlobalSection(SolutionProperties) = preSolution
		HideSolutionNode = FALSE
	EndGlobalSection
	GlobalSection(ProjectConfigurationPlatforms) = postSolution
		{086009A4-6DF4-4244-B046-6525113D3253}.Debug|Any CPU.ActiveCfg = Debug|Any CPU
		{086009A4-6DF4-4244-B046-6525113D3253}.Debug|Any CPU.Build.0 = Debug|Any CPU
		{086009A4-6DF4-4244-B046-6525113D3253}.Release|Any CPU.ActiveCfg = Release|Any CPU
		{086009A4-6DF4-4244-B046-6525113D3253}.Release|Any CPU.Build.0 = Release|Any CPU
		{C563F6F0-289C-4619-8A04-C3C7E2D96A13}.Debug|Any CPU.ActiveCfg = Debug|Any CPU
		{C563F6F0-289C-4619-8A04-C3C7E2D96A13}.Debug|Any CPU.Build.0 = Debug|Any CPU
		{C563F6F0-289C-4619-8A04-C3C7E2D96A13}.Release|Any CPU.ActiveCfg = Release|Any CPU
		{C563F6F0-289C-4619-8A04-C3C7E2D96A13}.Release|Any CPU.Build.0 = Release|Any CPU
		{52209934-0826-48CA-B532-5649E639F05B}.Debug|Any CPU.ActiveCfg = Debug|Any CPU
		{52209934-0826-48CA-B532-5649E639F05B}.Debug|Any CPU.Build.0 = Debug|Any CPU
		{52209934-0826-48CA-B532-5649E639F05B}.Release|Any CPU.ActiveCfg = Release|Any CPU
		{52209934-0826-48CA-B532-5649E639F05B}.Release|Any CPU.Build.0 = Release|Any CPU
		{C405F153-D2BA-4BB7-A95D-0A281C6B299C}.Debug|Any CPU.ActiveCfg = Debug|Any CPU
		{C405F153-D2BA-4BB7-A95D-0A281C6B299C}.Debug|Any CPU.Build.0 = Debug|Any CPU
		{C405F153-D2BA-4BB7-A95D-0A281C6B299C}.Release|Any CPU.ActiveCfg = Release|Any CPU
		{C405F153-D2BA-4BB7-A95D-0A281C6B299C}.Release|Any CPU.Build.0 = Release|Any CPU
		{A6370935-36E9-4385-9BB1-201C820D8831}.Debug|Any CPU.ActiveCfg = Debug|Any CPU
		{A6370935-36E9-4385-9BB1-201C820D8831}.Debug|Any CPU.Build.0 = Debug|Any CPU
		{A6370935-36E9-4385-9BB1-201C820D8831}.Release|Any CPU.ActiveCfg = Release|Any CPU
		{A6370935-36E9-4385-9BB1-201C820D8831}.Release|Any CPU.Build.0 = Release|Any CPU
	EndGlobalSection
EndGlobal
